
Microsoft Visual Studio Solution File, Format Version 12.00
# Visual Studio Version 17
VisualStudioVersion = 17.0.31903.59
MinimumVisualStudioVersion = 10.0.40219.1
Project("{2150E333-8FDC-42A3-9474-1A3956D46DE8}") = "src", "src", "{1CF62D15-2B45-4748-B9AF-D97BD8033450}"
EndProject
Project("{FAE04EC0-301F-11D3-BF4B-00C04F79EFBC}") = "SSMS.API", "src\SSMS.API\SSMS.API.csproj", "{54665CFF-E06E-4D6D-82DE-43BCFF937F38}"
EndProject
Project("{FAE04EC0-301F-11D3-BF4B-00C04F79EFBC}") = "SSMS.Core", "src\SSMS.Core\SSMS.Core.csproj", "{2E4B91C9-F509-47A1-9DEA-42D1E69EC185}"
EndProject
Project("{FAE04EC0-301F-11D3-BF4B-00C04F79EFBC}") = "SSMS.Infrastructure", "src\SSMS.Infrastructure\SSMS.Infrastructure.csproj", "{9D893621-4CA5-4F9B-AE12-EB67A188C0A5}"
EndProject
Project("{FAE04EC0-301F-11D3-BF4B-00C04F79EFBC}") = "SSMS.Application", "src\SSMS.Application\SSMS.Application.csproj", "{E1F1EE77-E266-4D41-9687-55381EE78E5B}"
EndProject
Project("{2150E333-8FDC-42A3-9474-1A3956D46DE8}") = "tests", "tests", "{116E6083-820F-4F7E-B82D-04F5D9903CA3}"
EndProject
Project("{FAE04EC0-301F-11D3-BF4B-00C04F79EFBC}") = "SSMS.UnitTests", "tests\SSMS.UnitTests\SSMS.UnitTests.csproj", "{510D2A25-C216-4705-A011-3B934242092C}"
EndProject
Project("{FAE04EC0-301F-11D3-BF4B-00C04F79EFBC}") = "SSMS.IntegrationTests", "tests\SSMS.IntegrationTests\SSMS.IntegrationTests.csproj", "{8D3EC23A-1FA0-49C5-AE90-02A350E7575E}"
EndProject
Global
	GlobalSection(SolutionConfigurationPlatforms) = preSolution
		Debug|Any CPU = Debug|Any CPU
		Release|Any CPU = Release|Any CPU
	EndGlobalSection
	GlobalSection(SolutionProperties) = preSolution
		HideSolutionNode = FALSE
	EndGlobalSection
	GlobalSection(ProjectConfigurationPlatforms) = postSolution
		{54665CFF-E06E-4D6D-82DE-43BCFF937F38}.Debug|Any CPU.ActiveCfg = Debug|Any CPU
		{54665CFF-E06E-4D6D-82DE-43BCFF937F38}.Debug|Any CPU.Build.0 = Debug|Any CPU
		{54665CFF-E06E-4D6D-82DE-43BCFF937F38}.Release|Any CPU.ActiveCfg = Release|Any CPU
		{54665CFF-E06E-4D6D-82DE-43BCFF937F38}.Release|Any CPU.Build.0 = Release|Any CPU
		{2E4B91C9-F509-47A1-9DEA-42D1E69EC185}.Debug|Any CPU.ActiveCfg = Debug|Any CPU
		{2E4B91C9-F509-47A1-9DEA-42D1E69EC185}.Debug|Any CPU.Build.0 = Debug|Any CPU
		{2E4B91C9-F509-47A1-9DEA-42D1E69EC185}.Release|Any CPU.ActiveCfg = Release|Any CPU
		{2E4B91C9-F509-47A1-9DEA-42D1E69EC185}.Release|Any CPU.Build.0 = Release|Any CPU
		{9D893621-4CA5-4F9B-AE12-EB67A188C0A5}.Debug|Any CPU.ActiveCfg = Debug|Any CPU
		{9D893621-4CA5-4F9B-AE12-EB67A188C0A5}.Debug|Any CPU.Build.0 = Debug|Any CPU
		{9D893621-4CA5-4F9B-AE12-EB67A188C0A5}.Release|Any CPU.ActiveCfg = Release|Any CPU
		{9D893621-4CA5-4F9B-AE12-EB67A188C0A5}.Release|Any CPU.Build.0 = Release|Any CPU
		{E1F1EE77-E266-4D41-9687-55381EE78E5B}.Debug|Any CPU.ActiveCfg = Debug|Any CPU
		{E1F1EE77-E266-4D41-9687-55381EE78E5B}.Debug|Any CPU.Build.0 = Debug|Any CPU
		{E1F1EE77-E266-4D41-9687-55381EE78E5B}.Release|Any CPU.ActiveCfg = Release|Any CPU
		{E1F1EE77-E266-4D41-9687-55381EE78E5B}.Release|Any CPU.Build.0 = Release|Any CPU
		{510D2A25-C216-4705-A011-3B934242092C}.Debug|Any CPU.ActiveCfg = Debug|Any CPU
		{510D2A25-C216-4705-A011-3B934242092C}.Debug|Any CPU.Build.0 = Debug|Any CPU
		{510D2A25-C216-4705-A011-3B934242092C}.Release|Any CPU.ActiveCfg = Release|Any CPU
		{510D2A25-C216-4705-A011-3B934242092C}.Release|Any CPU.Build.0 = Release|Any CPU
		{8D3EC23A-1FA0-49C5-AE90-02A350E7575E}.Debug|Any CPU.ActiveCfg = Debug|Any CPU
		{8D3EC23A-1FA0-49C5-AE90-02A350E7575E}.Debug|Any CPU.Build.0 = Debug|Any CPU
		{8D3EC23A-1FA0-49C5-AE90-02A350E7575E}.Release|Any CPU.ActiveCfg = Release|Any CPU
		{8D3EC23A-1FA0-49C5-AE90-02A350E7575E}.Release|Any CPU.Build.0 = Release|Any CPU
	EndGlobalSection
	GlobalSection(NestedProjects) = preSolution
		{54665CFF-E06E-4D6D-82DE-43BCFF937F38} = {1CF62D15-2B45-4748-B9AF-D97BD8033450}
		{2E4B91C9-F509-47A1-9DEA-42D1E69EC185} = {1CF62D15-2B45-4748-B9AF-D97BD8033450}
		{9D893621-4CA5-4F9B-AE12-EB67A188C0A5} = {1CF62D15-2B45-4748-B9AF-D97BD8033450}
		{E1F1EE77-E266-4D41-9687-55381EE78E5B} = {1CF62D15-2B45-4748-B9AF-D97BD8033450}
		{510D2A25-C216-4705-A011-3B934242092C} = {116E6083-820F-4F7E-B82D-04F5D9903CA3}
		{8D3EC23A-1FA0-49C5-AE90-02A350E7575E} = {116E6083-820F-4F7E-B82D-04F5D9903CA3}
	EndGlobalSection
EndGlobal
